// !$*UTF8*$!
{
	archiveVersion = 1;
	classes = {
	};
	objectVersion = 46;
	objects = {

/* Begin PBXBuildFile section */
		0044B0411D5B10CF009BDA8B /* main.m in Sources */ = {isa = PBXBuildFile; fileRef = 0044B0401D5B10CF009BDA8B /* main.m */; };
		0044B0441D5B10CF009BDA8B /* AppDelegate.m in Sources */ = {isa = PBXBuildFile; fileRef = 0044B0431D5B10CF009BDA8B /* AppDelegate.m */; };
		0044B04A1D5B10CF009BDA8B /* Main.storyboard in Resources */ = {isa = PBXBuildFile; fileRef = 0044B0481D5B10CF009BDA8B /* Main.storyboard */; };
		0044B04C1D5B10D0009BDA8B /* Assets.xcassets in Resources */ = {isa = PBXBuildFile; fileRef = 0044B04B1D5B10D0009BDA8B /* Assets.xcassets */; };
		0044B04F1D5B10D0009BDA8B /* LaunchScreen.storyboard in Resources */ = {isa = PBXBuildFile; fileRef = 0044B04D1D5B10D0009BDA8B /* LaunchScreen.storyboard */; };
		0044B05A1D5B10D0009BDA8B /* TYBackgroundMailTransferTests.m in Sources */ = {isa = PBXBuildFile; fileRef = 0044B0591D5B10D0009BDA8B /* TYBackgroundMailTransferTests.m */; };
		0044B0651D5B10D0009BDA8B /* TYBackgroundMailTransferUITests.m in Sources */ = {isa = PBXBuildFile; fileRef = 0044B0641D5B10D0009BDA8B /* TYBackgroundMailTransferUITests.m */; };
		0044B0741D5B1121009BDA8B /* TYMailSender.m in Sources */ = {isa = PBXBuildFile; fileRef = 0044B0731D5B1121009BDA8B /* TYMailSender.m */; };
		0044B0C21D5B1B43009BDA8B /* Base64Transcoder.m in Sources */ = {isa = PBXBuildFile; fileRef = 0044B0B91D5B1B43009BDA8B /* Base64Transcoder.m */; };
		0044B0C31D5B1B43009BDA8B /* HSK_CFUtilities.m in Sources */ = {isa = PBXBuildFile; fileRef = 0044B0BB1D5B1B43009BDA8B /* HSK_CFUtilities.m */; };
		0044B0C41D5B1B43009BDA8B /* NSData+Base64Additions.m in Sources */ = {isa = PBXBuildFile; fileRef = 0044B0BD1D5B1B43009BDA8B /* NSData+Base64Additions.m */; };
		0044B0C51D5B1B43009BDA8B /* NSStream+SKPSMTPExtensions.m in Sources */ = {isa = PBXBuildFile; fileRef = 0044B0BF1D5B1B43009BDA8B /* NSStream+SKPSMTPExtensions.m */; settings = {COMPILER_FLAGS = "-fno-objc-arc"; }; };
		0044B0C61D5B1B43009BDA8B /* SKPSMTPMessage.m in Sources */ = {isa = PBXBuildFile; fileRef = 0044B0C11D5B1B43009BDA8B /* SKPSMTPMessage.m */; settings = {COMPILER_FLAGS = "-fno-objc-arc"; }; };
		0044B0D01D5B1B55009BDA8B /* SVIndefiniteAnimatedView.m in Sources */ = {isa = PBXBuildFile; fileRef = 0044B0C81D5B1B55009BDA8B /* SVIndefiniteAnimatedView.m */; };
		0044B0D11D5B1B55009BDA8B /* SVProgressAnimatedView.m in Sources */ = {isa = PBXBuildFile; fileRef = 0044B0CA1D5B1B55009BDA8B /* SVProgressAnimatedView.m */; };
		0044B0D21D5B1B55009BDA8B /* SVProgressHUD.bundle in Resources */ = {isa = PBXBuildFile; fileRef = 0044B0CB1D5B1B55009BDA8B /* SVProgressHUD.bundle */; };
		0044B0D31D5B1B55009BDA8B /* SVProgressHUD.m in Sources */ = {isa = PBXBuildFile; fileRef = 0044B0CD1D5B1B55009BDA8B /* SVProgressHUD.m */; };
		0044B0D41D5B1B55009BDA8B /* SVRadialGradientLayer.m in Sources */ = {isa = PBXBuildFile; fileRef = 0044B0CF1D5B1B55009BDA8B /* SVRadialGradientLayer.m */; };
/* End PBXBuildFile section */

/* Begin PBXContainerItemProxy section */
		0044B0561D5B10D0009BDA8B /* PBXContainerItemProxy */ = {
			isa = PBXContainerItemProxy;
			containerPortal = 0044B0341D5B10CF009BDA8B /* Project object */;
			proxyType = 1;
			remoteGlobalIDString = 0044B03B1D5B10CF009BDA8B;
			remoteInfo = TYBackgroundMailTransfer;
		};
		0044B0611D5B10D0009BDA8B /* PBXContainerItemProxy */ = {
			isa = PBXContainerItemProxy;
			containerPortal = 0044B0341D5B10CF009BDA8B /* Project object */;
			proxyType = 1;
			remoteGlobalIDString = 0044B03B1D5B10CF009BDA8B;
			remoteInfo = TYBackgroundMailTransfer;
		};
/* End PBXContainerItemProxy section */

/* Begin PBXFileReference section */
		0044B03C1D5B10CF009BDA8B /* TYBackgroundMailTransfer.app */ = {isa = PBXFileReference; explicitFileType = wrapper.application; includeInIndex = 0; path = TYBackgroundMailTransfer.app; sourceTree = BUILT_PRODUCTS_DIR; };
		0044B0401D5B10CF009BDA8B /* main.m */ = {isa = PBXFileReference; lastKnownFileType = sourcecode.c.objc; path = main.m; sourceTree = "<group>"; };
		0044B0421D5B10CF009BDA8B /* AppDelegate.h */ = {isa = PBXFileReference; lastKnownFileType = sourcecode.c.h; path = AppDelegate.h; sourceTree = "<group>"; };
		0044B0431D5B10CF009BDA8B /* AppDelegate.m */ = {isa = PBXFileReference; lastKnownFileType = sourcecode.c.objc; path = AppDelegate.m; sourceTree = "<group>"; };
		0044B0491D5B10CF009BDA8B /* Base */ = {isa = PBXFileReference; lastKnownFileType = file.storyboard; name = Base; path = Base.lproj/Main.storyboard; sourceTree = "<group>"; };
		0044B04B1D5B10D0009BDA8B /* Assets.xcassets */ = {isa = PBXFileReference; lastKnownFileType = folder.assetcatalog; path = Assets.xcassets; sourceTree = "<group>"; };
		0044B04E1D5B10D0009BDA8B /* Base */ = {isa = PBXFileReference; lastKnownFileType = file.storyboard; name = Base; path = Base.lproj/LaunchScreen.storyboard; sourceTree = "<group>"; };
		0044B0501D5B10D0009BDA8B /* Info.plist */ = {isa = PBXFileReference; lastKnownFileType = text.plist.xml; path = Info.plist; sourceTree = "<group>"; };
		0044B0551D5B10D0009BDA8B /* TYBackgroundMailTransferTests.xctest */ = {isa = PBXFileReference; explicitFileType = wrapper.cfbundle; includeInIndex = 0; path = TYBackgroundMailTransferTests.xctest; sourceTree = BUILT_PRODUCTS_DIR; };
		0044B0591D5B10D0009BDA8B /* TYBackgroundMailTransferTests.m */ = {isa = PBXFileReference; lastKnownFileType = sourcecode.c.objc; path = TYBackgroundMailTransferTests.m; sourceTree = "<group>"; };
		0044B05B1D5B10D0009BDA8B /* Info.plist */ = {isa = PBXFileReference; lastKnownFileType = text.plist.xml; path = Info.plist; sourceTree = "<group>"; };
		0044B0601D5B10D0009BDA8B /* TYBackgroundMailTransferUITests.xctest */ = {isa = PBXFileReference; explicitFileType = wrapper.cfbundle; includeInIndex = 0; path = TYBackgroundMailTransferUITests.xctest; sourceTree = BUILT_PRODUCTS_DIR; };
		0044B0641D5B10D0009BDA8B /* TYBackgroundMailTransferUITests.m */ = {isa = PBXFileReference; lastKnownFileType = sourcecode.c.objc; path = TYBackgroundMailTransferUITests.m; sourceTree = "<group>"; };
		0044B0661D5B10D0009BDA8B /* Info.plist */ = {isa = PBXFileReference; lastKnownFileType = text.plist.xml; path = Info.plist; sourceTree = "<group>"; };
		0044B0721D5B1121009BDA8B /* TYMailSender.h */ = {isa = PBXFileReference; fileEncoding = 4; lastKnownFileType = sourcecode.c.h; path = TYMailSender.h; sourceTree = "<group>"; };
		0044B0731D5B1121009BDA8B /* TYMailSender.m */ = {isa = PBXFileReference; fileEncoding = 4; lastKnownFileType = sourcecode.c.objc; path = TYMailSender.m; sourceTree = "<group>"; };
		0044B0B81D5B1B3B009BDA8B /* Base64Transcoder.h */ = {isa = PBXFileReference; fileEncoding = 4; lastKnownFileType = sourcecode.c.h; path = Base64Transcoder.h; sourceTree = "<group>"; };
		0044B0B91D5B1B43009BDA8B /* Base64Transcoder.m */ = {isa = PBXFileReference; fileEncoding = 4; lastKnownFileType = sourcecode.c.objc; path = Base64Transcoder.m; sourceTree = "<group>"; };
		0044B0BA1D5B1B43009BDA8B /* HSK_CFUtilities.h */ = {isa = PBXFileReference; fileEncoding = 4; lastKnownFileType = sourcecode.c.h; path = HSK_CFUtilities.h; sourceTree = "<group>"; };
		0044B0BB1D5B1B43009BDA8B /* HSK_CFUtilities.m */ = {isa = PBXFileReference; fileEncoding = 4; lastKnownFileType = sourcecode.c.objc; path = HSK_CFUtilities.m; sourceTree = "<group>"; };
		0044B0BC1D5B1B43009BDA8B /* NSData+Base64Additions.h */ = {isa = PBXFileReference; fileEncoding = 4; lastKnownFileType = sourcecode.c.h; path = "NSData+Base64Additions.h"; sourceTree = "<group>"; };
		0044B0BD1D5B1B43009BDA8B /* NSData+Base64Additions.m */ = {isa = PBXFileReference; fileEncoding = 4; lastKnownFileType = sourcecode.c.objc; path = "NSData+Base64Additions.m"; sourceTree = "<group>"; };
		0044B0BE1D5B1B43009BDA8B /* NSStream+SKPSMTPExtensions.h */ = {isa = PBXFileReference; fileEncoding = 4; lastKnownFileType = sourcecode.c.h; path = "NSStream+SKPSMTPExtensions.h"; sourceTree = "<group>"; };
		0044B0BF1D5B1B43009BDA8B /* NSStream+SKPSMTPExtensions.m */ = {isa = PBXFileReference; fileEncoding = 4; lastKnownFileType = sourcecode.c.objc; path = "NSStream+SKPSMTPExtensions.m"; sourceTree = "<group>"; };
		0044B0C01D5B1B43009BDA8B /* SKPSMTPMessage.h */ = {isa = PBXFileReference; fileEncoding = 4; lastKnownFileType = sourcecode.c.h; path = SKPSMTPMessage.h; sourceTree = "<group>"; };
		0044B0C11D5B1B43009BDA8B /* SKPSMTPMessage.m */ = {isa = PBXFileReference; fileEncoding = 4; lastKnownFileType = sourcecode.c.objc; path = SKPSMTPMessage.m; sourceTree = "<group>"; };
		0044B0C71D5B1B55009BDA8B /* SVIndefiniteAnimatedView.h */ = {isa = PBXFileReference; fileEncoding = 4; lastKnownFileType = sourcecode.c.h; path = SVIndefiniteAnimatedView.h; sourceTree = "<group>"; };
		0044B0C81D5B1B55009BDA8B /* SVIndefiniteAnimatedView.m */ = {isa = PBXFileReference; fileEncoding = 4; lastKnownFileType = sourcecode.c.objc; path = SVIndefiniteAnimatedView.m; sourceTree = "<group>"; };
		0044B0C91D5B1B55009BDA8B /* SVProgressAnimatedView.h */ = {isa = PBXFileReference; fileEncoding = 4; lastKnownFileType = sourcecode.c.h; path = SVProgressAnimatedView.h; sourceTree = "<group>"; };
		0044B0CA1D5B1B55009BDA8B /* SVProgressAnimatedView.m */ = {isa = PBXFileReference; fileEncoding = 4; lastKnownFileType = sourcecode.c.objc; path = SVProgressAnimatedView.m; sourceTree = "<group>"; };
		0044B0CB1D5B1B55009BDA8B /* SVProgressHUD.bundle */ = {isa = PBXFileReference; lastKnownFileType = "wrapper.plug-in"; path = SVProgressHUD.bundle; sourceTree = "<group>"; };
		0044B0CC1D5B1B55009BDA8B /* SVProgressHUD.h */ = {isa = PBXFileReference; fileEncoding = 4; lastKnownFileType = sourcecode.c.h; path = SVProgressHUD.h; sourceTree = "<group>"; };
		0044B0CD1D5B1B55009BDA8B /* SVProgressHUD.m */ = {isa = PBXFileReference; fileEncoding = 4; lastKnownFileType = sourcecode.c.objc; path = SVProgressHUD.m; sourceTree = "<group>"; };
		0044B0CE1D5B1B55009BDA8B /* SVRadialGradientLayer.h */ = {isa = PBXFileReference; fileEncoding = 4; lastKnownFileType = sourcecode.c.h; path = SVRadialGradientLayer.h; sourceTree = "<group>"; };
		0044B0CF1D5B1B55009BDA8B /* SVRadialGradientLayer.m */ = {isa = PBXFileReference; fileEncoding = 4; lastKnownFileType = sourcecode.c.objc; path = SVRadialGradientLayer.m; sourceTree = "<group>"; };
/* End PBXFileReference section */

/* Begin PBXFrameworksBuildPhase section */
		0044B0391D5B10CF009BDA8B /* Frameworks */ = {
			isa = PBXFrameworksBuildPhase;
			buildActionMask = 2147483647;
			files = (
			);
			runOnlyForDeploymentPostprocessing = 0;
		};
		0044B0521D5B10D0009BDA8B /* Frameworks */ = {
			isa = PBXFrameworksBuildPhase;
			buildActionMask = 2147483647;
			files = (
			);
			runOnlyForDeploymentPostprocessing = 0;
		};
		0044B05D1D5B10D0009BDA8B /* Frameworks */ = {
			isa = PBXFrameworksBuildPhase;
			buildActionMask = 2147483647;
			files = (
			);
			runOnlyForDeploymentPostprocessing = 0;
		};
/* End PBXFrameworksBuildPhase section */

/* Begin PBXGroup section */
		0044B0331D5B10CF009BDA8B = {
			isa = PBXGroup;
			children = (
				0044B03E1D5B10CF009BDA8B /* TYBackgroundMailTransfer */,
				0044B0581D5B10D0009BDA8B /* TYBackgroundMailTransferTests */,
				0044B0631D5B10D0009BDA8B /* TYBackgroundMailTransferUITests */,
				0044B03D1D5B10CF009BDA8B /* Products */,
			);
			sourceTree = "<group>";
		};
		0044B03D1D5B10CF009BDA8B /* Products */ = {
			isa = PBXGroup;
			children = (
				0044B03C1D5B10CF009BDA8B /* TYBackgroundMailTransfer.app */,
				0044B0551D5B10D0009BDA8B /* TYBackgroundMailTransferTests.xctest */,
				0044B0601D5B10D0009BDA8B /* TYBackgroundMailTransferUITests.xctest */,
			);
			name = Products;
			sourceTree = "<group>";
		};
		0044B03E1D5B10CF009BDA8B /* TYBackgroundMailTransfer */ = {
			isa = PBXGroup;
			children = (
				0044B0421D5B10CF009BDA8B /* AppDelegate.h */,
				0044B0431D5B10CF009BDA8B /* AppDelegate.m */,
				0044B0721D5B1121009BDA8B /* TYMailSender.h */,
				0044B0731D5B1121009BDA8B /* TYMailSender.m */,
				0044B0B81D5B1B3B009BDA8B /* Base64Transcoder.h */,
				0044B0B91D5B1B43009BDA8B /* Base64Transcoder.m */,
				0044B0BA1D5B1B43009BDA8B /* HSK_CFUtilities.h */,
				0044B0BB1D5B1B43009BDA8B /* HSK_CFUtilities.m */,
				0044B0BC1D5B1B43009BDA8B /* NSData+Base64Additions.h */,
				0044B0BD1D5B1B43009BDA8B /* NSData+Base64Additions.m */,
				0044B0BE1D5B1B43009BDA8B /* NSStream+SKPSMTPExtensions.h */,
				0044B0BF1D5B1B43009BDA8B /* NSStream+SKPSMTPExtensions.m */,
				0044B0C01D5B1B43009BDA8B /* SKPSMTPMessage.h */,
				0044B0C11D5B1B43009BDA8B /* SKPSMTPMessage.m */,
				0044B0C71D5B1B55009BDA8B /* SVIndefiniteAnimatedView.h */,
				0044B0C81D5B1B55009BDA8B /* SVIndefiniteAnimatedView.m */,
				0044B0C91D5B1B55009BDA8B /* SVProgressAnimatedView.h */,
				0044B0CA1D5B1B55009BDA8B /* SVProgressAnimatedView.m */,
				0044B0CB1D5B1B55009BDA8B /* SVProgressHUD.bundle */,
				0044B0CC1D5B1B55009BDA8B /* SVProgressHUD.h */,
				0044B0CD1D5B1B55009BDA8B /* SVProgressHUD.m */,
				0044B0CE1D5B1B55009BDA8B /* SVRadialGradientLayer.h */,
				0044B0CF1D5B1B55009BDA8B /* SVRadialGradientLayer.m */,
				0044B0481D5B10CF009BDA8B /* Main.storyboard */,
				0044B04B1D5B10D0009BDA8B /* Assets.xcassets */,
				0044B04D1D5B10D0009BDA8B /* LaunchScreen.storyboard */,
				0044B0501D5B10D0009BDA8B /* Info.plist */,
				0044B03F1D5B10CF009BDA8B /* Supporting Files */,
			);
			path = TYBackgroundMailTransfer;
			sourceTree = "<group>";
		};
		0044B03F1D5B10CF009BDA8B /* Supporting Files */ = {
			isa = PBXGroup;
			children = (
				0044B0401D5B10CF009BDA8B /* main.m */,
			);
			name = "Supporting Files";
			sourceTree = "<group>";
		};
		0044B0581D5B10D0009BDA8B /* TYBackgroundMailTransferTests */ = {
			isa = PBXGroup;
			children = (
				0044B0591D5B10D0009BDA8B /* TYBackgroundMailTransferTests.m */,
				0044B05B1D5B10D0009BDA8B /* Info.plist */,
			);
			path = TYBackgroundMailTransferTests;
			sourceTree = "<group>";
		};
		0044B0631D5B10D0009BDA8B /* TYBackgroundMailTransferUITests */ = {
			isa = PBXGroup;
			children = (
				0044B0641D5B10D0009BDA8B /* TYBackgroundMailTransferUITests.m */,
				0044B0661D5B10D0009BDA8B /* Info.plist */,
			);
			path = TYBackgroundMailTransferUITests;
			sourceTree = "<group>";
		};
/* End PBXGroup section */

/* Begin PBXNativeTarget section */
		0044B03B1D5B10CF009BDA8B /* TYBackgroundMailTransfer */ = {
			isa = PBXNativeTarget;
			buildConfigurationList = 0044B0691D5B10D0009BDA8B /* Build configuration list for PBXNativeTarget "TYBackgroundMailTransfer" */;
			buildPhases = (
				0044B0381D5B10CF009BDA8B /* Sources */,
				0044B0391D5B10CF009BDA8B /* Frameworks */,
				0044B03A1D5B10CF009BDA8B /* Resources */,
			);
			buildRules = (
			);
			dependencies = (
			);
			name = TYBackgroundMailTransfer;
			productName = TYBackgroundMailTransfer;
			productReference = 0044B03C1D5B10CF009BDA8B /* TYBackgroundMailTransfer.app */;
			productType = "com.apple.product-type.application";
		};
		0044B0541D5B10D0009BDA8B /* TYBackgroundMailTransferTests */ = {
			isa = PBXNativeTarget;
			buildConfigurationList = 0044B06C1D5B10D0009BDA8B /* Build configuration list for PBXNativeTarget "TYBackgroundMailTransferTests" */;
			buildPhases = (
				0044B0511D5B10D0009BDA8B /* Sources */,
				0044B0521D5B10D0009BDA8B /* Frameworks */,
				0044B0531D5B10D0009BDA8B /* Resources */,
			);
			buildRules = (
			);
			dependencies = (
				0044B0571D5B10D0009BDA8B /* PBXTargetDependency */,
			);
			name = TYBackgroundMailTransferTests;
			productName = TYBackgroundMailTransferTests;
			productReference = 0044B0551D5B10D0009BDA8B /* TYBackgroundMailTransferTests.xctest */;
			productType = "com.apple.product-type.bundle.unit-test";
		};
		0044B05F1D5B10D0009BDA8B /* TYBackgroundMailTransferUITests */ = {
			isa = PBXNativeTarget;
			buildConfigurationList = 0044B06F1D5B10D0009BDA8B /* Build configuration list for PBXNativeTarget "TYBackgroundMailTransferUITests" */;
			buildPhases = (
				0044B05C1D5B10D0009BDA8B /* Sources */,
				0044B05D1D5B10D0009BDA8B /* Frameworks */,
				0044B05E1D5B10D0009BDA8B /* Resources */,
			);
			buildRules = (
			);
			dependencies = (
				0044B0621D5B10D0009BDA8B /* PBXTargetDependency */,
			);
			name = TYBackgroundMailTransferUITests;
			productName = TYBackgroundMailTransferUITests;
			productReference = 0044B0601D5B10D0009BDA8B /* TYBackgroundMailTransferUITests.xctest */;
			productType = "com.apple.product-type.bundle.ui-testing";
		};
/* End PBXNativeTarget section */

/* Begin PBXProject section */
		0044B0341D5B10CF009BDA8B /* Project object */ = {
			isa = PBXProject;
			attributes = {
				LastUpgradeCheck = 0730;
				ORGANIZATIONNAME = VividInfotech;
				TargetAttributes = {
					0044B03B1D5B10CF009BDA8B = {
						CreatedOnToolsVersion = 7.3.1;
					};
					0044B0541D5B10D0009BDA8B = {
						CreatedOnToolsVersion = 7.3.1;
						TestTargetID = 0044B03B1D5B10CF009BDA8B;
					};
					0044B05F1D5B10D0009BDA8B = {
						CreatedOnToolsVersion = 7.3.1;
						TestTargetID = 0044B03B1D5B10CF009BDA8B;
					};
				};
			};
			buildConfigurationList = 0044B0371D5B10CF009BDA8B /* Build configuration list for PBXProject "TYBackgroundMailTransfer" */;
			compatibilityVersion = "Xcode 3.2";
			developmentRegion = English;
			hasScannedForEncodings = 0;
			knownRegions = (
				en,
				Base,
			);
			mainGroup = 0044B0331D5B10CF009BDA8B;
			productRefGroup = 0044B03D1D5B10CF009BDA8B /* Products */;
			projectDirPath = "";
			projectRoot = "";
			targets = (
				0044B03B1D5B10CF009BDA8B /* TYBackgroundMailTransfer */,
				0044B0541D5B10D0009BDA8B /* TYBackgroundMailTransferTests */,
				0044B05F1D5B10D0009BDA8B /* TYBackgroundMailTransferUITests */,
			);
		};
/* End PBXProject section */

/* Begin PBXResourcesBuildPhase section */
		0044B03A1D5B10CF009BDA8B /* Resources */ = {
			isa = PBXResourcesBuildPhase;
			buildActionMask = 2147483647;
			files = (
				0044B04F1D5B10D0009BDA8B /* LaunchScreen.storyboard in Resources */,
				0044B04C1D5B10D0009BDA8B /* Assets.xcassets in Resources */,
				0044B04A1D5B10CF009BDA8B /* Main.storyboard in Resources */,
				0044B0D21D5B1B55009BDA8B /* SVProgressHUD.bundle in Resources */,
			);
			runOnlyForDeploymentPostprocessing = 0;
		};
		0044B0531D5B10D0009BDA8B /* Resources */ = {
			isa = PBXResourcesBuildPhase;
			buildActionMask = 2147483647;
			files = (
			);
			runOnlyForDeploymentPostprocessing = 0;
		};
		0044B05E1D5B10D0009BDA8B /* Resources */ = {
			isa = PBXResourcesBuildPhase;
			buildActionMask = 2147483647;
			files = (
			);
			runOnlyForDeploymentPostprocessing = 0;
		};
/* End PBXResourcesBuildPhase section */

/* Begin PBXSourcesBuildPhase section */
		0044B0381D5B10CF009BDA8B /* Sources */ = {
			isa = PBXSourcesBuildPhase;
			buildActionMask = 2147483647;
			files = (
				0044B0C31D5B1B43009BDA8B /* HSK_CFUtilities.m in Sources */,
				0044B0D11D5B1B55009BDA8B /* SVProgressAnimatedView.m in Sources */,
				0044B0C51D5B1B43009BDA8B /* NSStream+SKPSMTPExtensions.m in Sources */,
				0044B0D01D5B1B55009BDA8B /* SVIndefiniteAnimatedView.m in Sources */,
				0044B0C61D5B1B43009BDA8B /* SKPSMTPMessage.m in Sources */,
				0044B0441D5B10CF009BDA8B /* AppDelegate.m in Sources */,
				0044B0741D5B1121009BDA8B /* TYMailSender.m in Sources */,
				0044B0D41D5B1B55009BDA8B /* SVRadialGradientLayer.m in Sources */,
				0044B0C41D5B1B43009BDA8B /* NSData+Base64Additions.m in Sources */,
				0044B0411D5B10CF009BDA8B /* main.m in Sources */,
				0044B0D31D5B1B55009BDA8B /* SVProgressHUD.m in Sources */,
				0044B0C21D5B1B43009BDA8B /* Base64Transcoder.m in Sources */,
			);
			runOnlyForDeploymentPostprocessing = 0;
		};
		0044B0511D5B10D0009BDA8B /* Sources */ = {
			isa = PBXSourcesBuildPhase;
			buildActionMask = 2147483647;
			files = (
				0044B05A1D5B10D0009BDA8B /* TYBackgroundMailTransferTests.m in Sources */,
			);
			runOnlyForDeploymentPostprocessing = 0;
		};
		0044B05C1D5B10D0009BDA8B /* Sources */ = {
			isa = PBXSourcesBuildPhase;
			buildActionMask = 2147483647;
			files = (
				0044B0651D5B10D0009BDA8B /* TYBackgroundMailTransferUITests.m in Sources */,
			);
			runOnlyForDeploymentPostprocessing = 0;
		};
/* End PBXSourcesBuildPhase section */

/* Begin PBXTargetDependency section */
		0044B0571D5B10D0009BDA8B /* PBXTargetDependency */ = {
			isa = PBXTargetDependency;
			target = 0044B03B1D5B10CF009BDA8B /* TYBackgroundMailTransfer */;
			targetProxy = 0044B0561D5B10D0009BDA8B /* PBXContainerItemProxy */;
		};
		0044B0621D5B10D0009BDA8B /* PBXTargetDependency */ = {
			isa = PBXTargetDependency;
			target = 0044B03B1D5B10CF009BDA8B /* TYBackgroundMailTransfer */;
			targetProxy = 0044B0611D5B10D0009BDA8B /* PBXContainerItemProxy */;
		};
/* End PBXTargetDependency section */

/* Begin PBXVariantGroup section */
		0044B0481D5B10CF009BDA8B /* Main.storyboard */ = {
			isa = PBXVariantGroup;
			children = (
				0044B0491D5B10CF009BDA8B /* Base */,
			);
			name = Main.storyboard;
			sourceTree = "<group>";
		};
		0044B04D1D5B10D0009BDA8B /* LaunchScreen.storyboard */ = {
			isa = PBXVariantGroup;
			children = (
				0044B04E1D5B10D0009BDA8B /* Base */,
			);
			name = LaunchScreen.storyboard;
			sourceTree = "<group>";
		};
/* End PBXVariantGroup section */

/* Begin XCBuildConfiguration section */
		0044B0671D5B10D0009BDA8B /* Debug */ = {
			isa = XCBuildConfiguration;
			buildSettings = {
				ALWAYS_SEARCH_USER_PATHS = NO;
				CLANG_ANALYZER_NONNULL = YES;
				CLANG_CXX_LANGUAGE_STANDARD = "gnu++0x";
				CLANG_CXX_LIBRARY = "libc++";
				CLANG_ENABLE_MODULES = YES;
				CLANG_ENABLE_OBJC_ARC = YES;
				CLANG_WARN_BOOL_CONVERSION = YES;
				CLANG_WARN_CONSTANT_CONVERSION = YES;
				CLANG_WARN_DIRECT_OBJC_ISA_USAGE = YES_ERROR;
				CLANG_WARN_EMPTY_BODY = YES;
				CLANG_WARN_ENUM_CONVERSION = YES;
				CLANG_WARN_INT_CONVERSION = YES;
				CLANG_WARN_OBJC_ROOT_CLASS = YES_ERROR;
				CLANG_WARN_UNREACHABLE_CODE = YES;
				CLANG_WARN__DUPLICATE_METHOD_MATCH = YES;
				"CODE_SIGN_IDENTITY[sdk=iphoneos*]" = "iPhone Developer";
				COPY_PHASE_STRIP = NO;
				DEBUG_INFORMATION_FORMAT = dwarf;
				ENABLE_STRICT_OBJC_MSGSEND = YES;
				ENABLE_TESTABILITY = YES;
				GCC_C_LANGUAGE_STANDARD = gnu99;
				GCC_DYNAMIC_NO_PIC = NO;
				GCC_NO_COMMON_BLOCKS = YES;
				GCC_OPTIMIZATION_LEVEL = 0;
				GCC_PREPROCESSOR_DEFINITIONS = (
					"DEBUG=1",
					"$(inherited)",
				);
				GCC_WARN_64_TO_32_BIT_CONVERSION = YES;
				GCC_WARN_ABOUT_RETURN_TYPE = YES_ERROR;
				GCC_WARN_UNDECLARED_SELECTOR = YES;
				GCC_WARN_UNINITIALIZED_AUTOS = YES_AGGRESSIVE;
				GCC_WARN_UNUSED_FUNCTION = YES;
				GCC_WARN_UNUSED_VARIABLE = YES;
				IPHONEOS_DEPLOYMENT_TARGET = 9.3;
				MTL_ENABLE_DEBUG_INFO = YES;
				ONLY_ACTIVE_ARCH = YES;
				SDKROOT = iphoneos;
				TARGETED_DEVICE_FAMILY = "1,2";
			};
			name = Debug;
		};
		0044B0681D5B10D0009BDA8B /* Release */ = {
			isa = XCBuildConfiguration;
			buildSettings = {
				ALWAYS_SEARCH_USER_PATHS = NO;
				CLANG_ANALYZER_NONNULL = YES;
				CLANG_CXX_LANGUAGE_STANDARD = "gnu++0x";
				CLANG_CXX_LIBRARY = "libc++";
				CLANG_ENABLE_MODULES = YES;
				CLANG_ENABLE_OBJC_ARC = YES;
				CLANG_WARN_BOOL_CONVERSION = YES;
				CLANG_WARN_CONSTANT_CONVERSION = YES;
				CLANG_WARN_DIRECT_OBJC_ISA_USAGE = YES_ERROR;
				CLANG_WARN_EMPTY_BODY = YES;
				CLANG_WARN_ENUM_CONVERSION = YES;
				CLANG_WARN_INT_CONVERSION = YES;
				CLANG_WARN_OBJC_ROOT_CLASS = YES_ERROR;
				CLANG_WARN_UNREACHABLE_CODE = YES;
				CLANG_WARN__DUPLICATE_METHOD_MATCH = YES;
				"CODE_SIGN_IDENTITY[sdk=iphoneos*]" = "iPhone Developer";
				COPY_PHASE_STRIP = NO;
				DEBUG_INFORMATION_FORMAT = "dwarf-with-dsym";
				ENABLE_NS_ASSERTIONS = NO;
				ENABLE_STRICT_OBJC_MSGSEND = YES;
				GCC_C_LANGUAGE_STANDARD = gnu99;
				GCC_NO_COMMON_BLOCKS = YES;
				GCC_WARN_64_TO_32_BIT_CONVERSION = YES;
				GCC_WARN_ABOUT_RETURN_TYPE = YES_ERROR;
				GCC_WARN_UNDECLARED_SELECTOR = YES;
				GCC_WARN_UNINITIALIZED_AUTOS = YES_AGGRESSIVE;
				GCC_WARN_UNUSED_FUNCTION = YES;
				GCC_WARN_UNUSED_VARIABLE = YES;
				IPHONEOS_DEPLOYMENT_TARGET = 9.3;
				MTL_ENABLE_DEBUG_INFO = NO;
				SDKROOT = iphoneos;
				TARGETED_DEVICE_FAMILY = "1,2";
				VALIDATE_PRODUCT = YES;
			};
			name = Release;
		};
		0044B06A1D5B10D0009BDA8B /* Debug */ = {
			isa = XCBuildConfiguration;
			buildSettings = {
				ASSETCATALOG_COMPILER_APPICON_NAME = AppIcon;
				INFOPLIST_FILE = TYBackgroundMailTransfer/Info.plist;
				LD_RUNPATH_SEARCH_PATHS = "$(inherited) @executable_path/Frameworks";
				PRODUCT_BUNDLE_IDENTIFIER = VividInfotech.TYBackgroundMailTransfer;
				PRODUCT_NAME = "$(TARGET_NAME)";
			};
			name = Debug;
		};
		0044B06B1D5B10D0009BDA8B /* Release */ = {
			isa = XCBuildConfiguration;
			buildSettings = {
				ASSETCATALOG_COMPILER_APPICON_NAME = AppIcon;
				INFOPLIST_FILE = TYBackgroundMailTransfer/Info.plist;
				LD_RUNPATH_SEARCH_PATHS = "$(inherited) @executable_path/Frameworks";
				PRODUCT_BUNDLE_IDENTIFIER = VividInfotech.TYBackgroundMailTransfer;
				PRODUCT_NAME = "$(TARGET_NAME)";
			};
			name = Release;
		};
		0044B06D1D5B10D0009BDA8B /* Debug */ = {
			isa = XCBuildConfiguration;
			buildSettings = {
				BUNDLE_LOADER = "$(TEST_HOST)";
				INFOPLIST_FILE = TYBackgroundMailTransferTests/Info.plist;
				LD_RUNPATH_SEARCH_PATHS = "$(inherited) @executable_path/Frameworks @loader_path/Frameworks";
				PRODUCT_BUNDLE_IDENTIFIER = VividInfotech.TYBackgroundMailTransferTests;
				PRODUCT_NAME = "$(TARGET_NAME)";
				TEST_HOST = "$(BUILT_PRODUCTS_DIR)/TYBackgroundMailTransfer.app/TYBackgroundMailTransfer";
			};
			name = Debug;
		};
		0044B06E1D5B10D0009BDA8B /* Release */ = {
			isa = XCBuildConfiguration;
			buildSettings = {
				BUNDLE_LOADER = "$(TEST_HOST)";
				INFOPLIST_FILE = TYBackgroundMailTransferTests/Info.plist;
				LD_RUNPATH_SEARCH_PATHS = "$(inherited) @executable_path/Frameworks @loader_path/Frameworks";
				PRODUCT_BUNDLE_IDENTIFIER = VividInfotech.TYBackgroundMailTransferTests;
				PRODUCT_NAME = "$(TARGET_NAME)";
				TEST_HOST = "$(BUILT_PRODUCTS_DIR)/TYBackgroundMailTransfer.app/TYBackgroundMailTransfer";
			};
			name = Release;
		};
		0044B0701D5B10D0009BDA8B /* Debug */ = {
			isa = XCBuildConfiguration;
			buildSettings = {
				INFOPLIST_FILE = TYBackgroundMailTransferUITests/Info.plist;
				LD_RUNPATH_SEARCH_PATHS = "$(inherited) @executable_path/Frameworks @loader_path/Frameworks";
				PRODUCT_BUNDLE_IDENTIFIER = VividInfotech.TYBackgroundMailTransferUITests;
				PRODUCT_NAME = "$(TARGET_NAME)";
				TEST_TARGET_NAME = TYBackgroundMailTransfer;
			};
			name = Debug;
		};
		0044B0711D5B10D0009BDA8B /* Release */ = {
			isa = XCBuildConfiguration;
			buildSettings = {
				INFOPLIST_FILE = TYBackgroundMailTransferUITests/Info.plist;
				LD_RUNPATH_SEARCH_PATHS = "$(inherited) @executable_path/Frameworks @loader_path/Frameworks";
				PRODUCT_BUNDLE_IDENTIFIER = VividInfotech.TYBackgroundMailTransferUITests;
				PRODUCT_NAME = "$(TARGET_NAME)";
				TEST_TARGET_NAME = TYBackgroundMailTransfer;
			};
			name = Release;
		};
/* End XCBuildConfiguration section */

/* Begin XCConfigurationList section */
		0044B0371D5B10CF009BDA8B /* Build configuration list for PBXProject "TYBackgroundMailTransfer" */ = {
			isa = XCConfigurationList;
			buildConfigurations = (
				0044B0671D5B10D0009BDA8B /* Debug */,
				0044B0681D5B10D0009BDA8B /* Release */,
			);
			defaultConfigurationIsVisible = 0;
			defaultConfigurationName = Release;
		};
		0044B0691D5B10D0009BDA8B /* Build configuration list for PBXNativeTarget "TYBackgroundMailTransfer" */ = {
			isa = XCConfigurationList;
			buildConfigurations = (
				0044B06A1D5B10D0009BDA8B /* Debug */,
				0044B06B1D5B10D0009BDA8B /* Release */,
			);
			defaultConfigurationIsVisible = 0;
		};
		0044B06C1D5B10D0009BDA8B /* Build configuration list for PBXNativeTarget "TYBackgroundMailTransferTests" */ = {
			isa = XCConfigurationList;
			buildConfigurations = (
				0044B06D1D5B10D0009BDA8B /* Debug */,
				0044B06E1D5B10D0009BDA8B /* Release */,
			);
			defaultConfigurationIsVisible = 0;
		};
		0044B06F1D5B10D0009BDA8B /* Build configuration list for PBXNativeTarget "TYBackgroundMailTransferUITests" */ = {
			isa = XCConfigurationList;
			buildConfigurations = (
				0044B0701D5B10D0009BDA8B /* Debug */,
				0044B0711D5B10D0009BDA8B /* Release */,
			);
			defaultConfigurationIsVisible = 0;
		};
/* End XCConfigurationList section */
	};
	rootObject = 0044B0341D5B10CF009BDA8B /* Project object */;
}
